
Microsoft Visual Studio Solution File, Format Version 12.00
# Visual Studio 15
VisualStudioVersion = 15.0.27428.2043
MinimumVisualStudioVersion = 10.0.40219.1
Project("{2150E333-8FDC-42A3-9474-1A3956D46DE8}") = "1 - Services", "1 - Services", "{39250CBB-5BA1-41EA-9729-9FE75E9D8601}"
EndProject
Project("{2150E333-8FDC-42A3-9474-1A3956D46DE8}") = "2 - Application", "2 - Application", "{4A302F12-4B50-4A40-A14E-1D1812A709C8}"
EndProject
Project("{2150E333-8FDC-42A3-9474-1A3956D46DE8}") = "3 - Domain", "3 - Domain", "{A4B76CD3-5A64-4EFB-9429-19CE16A5F352}"
EndProject
Project("{2150E333-8FDC-42A3-9474-1A3956D46DE8}") = "4 - Infra", "4 - Infra", "{90AC36E3-63FF-4D9C-A790-D148CA801917}"
EndProject
Project("{2150E333-8FDC-42A3-9474-1A3956D46DE8}") = "4.1 - Data", "4.1 - Data", "{0B11EA21-1312-4EC2-8A4C-A261AC339547}"
EndProject
Project("{2150E333-8FDC-42A3-9474-1A3956D46DE8}") = "4.2 - CrossCutting", "4.2 - CrossCutting", "{C446943F-2161-4DB5-A228-19E1B9930823}"
EndProject
Project("{2150E333-8FDC-42A3-9474-1A3956D46DE8}") = "src", "src", "{422EE9B6-F2B8-4F9A-9E1A-8C714BBB0F2D}"
EndProject
Project("{9A19103F-16F7-4668-BE54-9A1E7A4F7556}") = "GConta.WebAPI", "src\GConta.WebAPI\GConta.WebAPI.csproj", "{D12F544E-D663-432A-84DC-E402203B459D}"
EndProject
Project("{9A19103F-16F7-4668-BE54-9A1E7A4F7556}") = "GConta.Application", "src\GConta.Application\GConta.Application.csproj", "{762D6C97-4578-4082-AA63-71D0199F8D6A}"
EndProject
Project("{2150E333-8FDC-42A3-9474-1A3956D46DE8}") = "tests", "tests", "{A43BA4E7-913C-4846-BED4-1026052E0125}"
EndProject
Project("{9A19103F-16F7-4668-BE54-9A1E7A4F7556}") = "GConta.Infra.Data", "src\GConta.Infra.Data\GConta.Infra.Data.csproj", "{EA4ADFED-E4C9-4514-A25C-B215860BDC78}"
EndProject
Project("{9A19103F-16F7-4668-BE54-9A1E7A4F7556}") = "GConta.Infra.CrossCutting.IoC", "src\GConta.Infra.CrossCutting.IoC\GConta.Infra.CrossCutting.IoC.csproj", "{8AEC52A1-09C4-4338-A81D-DF8BC408471B}"
EndProject
Project("{9A19103F-16F7-4668-BE54-9A1E7A4F7556}") = "GConta.Domain", "src\GConta.Domain\GConta.Domain.csproj", "{CC9774D8-B831-43C1-8BF9-E50AD9A26D6A}"
EndProject
Project("{FAE04EC0-301F-11D3-BF4B-00C04F79EFBC}") = "GConta.Tests", "tests\GConta.Tests\GConta.Tests.csproj", "{AD4B38BD-3ED2-4132-8582-AC569892FE41}"
EndProject
Global
	GlobalSection(SolutionConfigurationPlatforms) = preSolution
		Debug|Any CPU = Debug|Any CPU
		Release|Any CPU = Release|Any CPU
	EndGlobalSection
	GlobalSection(ProjectConfigurationPlatforms) = postSolution
		{D12F544E-D663-432A-84DC-E402203B459D}.Debug|Any CPU.ActiveCfg = Debug|Any CPU
		{D12F544E-D663-432A-84DC-E402203B459D}.Debug|Any CPU.Build.0 = Debug|Any CPU
		{D12F544E-D663-432A-84DC-E402203B459D}.Release|Any CPU.ActiveCfg = Release|Any CPU
		{D12F544E-D663-432A-84DC-E402203B459D}.Release|Any CPU.Build.0 = Release|Any CPU
		{762D6C97-4578-4082-AA63-71D0199F8D6A}.Debug|Any CPU.ActiveCfg = Debug|Any CPU
		{762D6C97-4578-4082-AA63-71D0199F8D6A}.Debug|Any CPU.Build.0 = Debug|Any CPU
		{762D6C97-4578-4082-AA63-71D0199F8D6A}.Release|Any CPU.ActiveCfg = Release|Any CPU
		{762D6C97-4578-4082-AA63-71D0199F8D6A}.Release|Any CPU.Build.0 = Release|Any CPU
		{EA4ADFED-E4C9-4514-A25C-B215860BDC78}.Debug|Any CPU.ActiveCfg = Debug|Any CPU
		{EA4ADFED-E4C9-4514-A25C-B215860BDC78}.Debug|Any CPU.Build.0 = Debug|Any CPU
		{EA4ADFED-E4C9-4514-A25C-B215860BDC78}.Release|Any CPU.ActiveCfg = Release|Any CPU
		{EA4ADFED-E4C9-4514-A25C-B215860BDC78}.Release|Any CPU.Build.0 = Release|Any CPU
		{8AEC52A1-09C4-4338-A81D-DF8BC408471B}.Debug|Any CPU.ActiveCfg = Debug|Any CPU
		{8AEC52A1-09C4-4338-A81D-DF8BC408471B}.Debug|Any CPU.Build.0 = Debug|Any CPU
		{8AEC52A1-09C4-4338-A81D-DF8BC408471B}.Release|Any CPU.ActiveCfg = Release|Any CPU
		{8AEC52A1-09C4-4338-A81D-DF8BC408471B}.Release|Any CPU.Build.0 = Release|Any CPU
		{CC9774D8-B831-43C1-8BF9-E50AD9A26D6A}.Debug|Any CPU.ActiveCfg = Debug|Any CPU
		{CC9774D8-B831-43C1-8BF9-E50AD9A26D6A}.Debug|Any CPU.Build.0 = Debug|Any CPU
		{CC9774D8-B831-43C1-8BF9-E50AD9A26D6A}.Release|Any CPU.ActiveCfg = Release|Any CPU
		{CC9774D8-B831-43C1-8BF9-E50AD9A26D6A}.Release|Any CPU.Build.0 = Release|Any CPU
		{AD4B38BD-3ED2-4132-8582-AC569892FE41}.Debug|Any CPU.ActiveCfg = Debug|Any CPU
		{AD4B38BD-3ED2-4132-8582-AC569892FE41}.Debug|Any CPU.Build.0 = Debug|Any CPU
		{AD4B38BD-3ED2-4132-8582-AC569892FE41}.Release|Any CPU.ActiveCfg = Release|Any CPU
		{AD4B38BD-3ED2-4132-8582-AC569892FE41}.Release|Any CPU.Build.0 = Release|Any CPU
	EndGlobalSection
	GlobalSection(SolutionProperties) = preSolution
		HideSolutionNode = FALSE
	EndGlobalSection
	GlobalSection(NestedProjects) = preSolution
		{39250CBB-5BA1-41EA-9729-9FE75E9D8601} = {422EE9B6-F2B8-4F9A-9E1A-8C714BBB0F2D}
		{4A302F12-4B50-4A40-A14E-1D1812A709C8} = {422EE9B6-F2B8-4F9A-9E1A-8C714BBB0F2D}
		{A4B76CD3-5A64-4EFB-9429-19CE16A5F352} = {422EE9B6-F2B8-4F9A-9E1A-8C714BBB0F2D}
		{90AC36E3-63FF-4D9C-A790-D148CA801917} = {422EE9B6-F2B8-4F9A-9E1A-8C714BBB0F2D}
		{0B11EA21-1312-4EC2-8A4C-A261AC339547} = {90AC36E3-63FF-4D9C-A790-D148CA801917}
		{C446943F-2161-4DB5-A228-19E1B9930823} = {90AC36E3-63FF-4D9C-A790-D148CA801917}
		{D12F544E-D663-432A-84DC-E402203B459D} = {39250CBB-5BA1-41EA-9729-9FE75E9D8601}
		{762D6C97-4578-4082-AA63-71D0199F8D6A} = {4A302F12-4B50-4A40-A14E-1D1812A709C8}
		{EA4ADFED-E4C9-4514-A25C-B215860BDC78} = {0B11EA21-1312-4EC2-8A4C-A261AC339547}
		{8AEC52A1-09C4-4338-A81D-DF8BC408471B} = {C446943F-2161-4DB5-A228-19E1B9930823}
		{CC9774D8-B831-43C1-8BF9-E50AD9A26D6A} = {A4B76CD3-5A64-4EFB-9429-19CE16A5F352}
		{AD4B38BD-3ED2-4132-8582-AC569892FE41} = {A43BA4E7-913C-4846-BED4-1026052E0125}
	EndGlobalSection
	GlobalSection(ExtensibilityGlobals) = postSolution
		SolutionGuid = {8DA8AA2F-9BDE-4628-8106-C6C1A1054E1E}
	EndGlobalSection
EndGlobal
